
Microsoft Visual Studio Solution File, Format Version 12.00
# Visual Studio Version 16
VisualStudioVersion = 16.0.30804.86
MinimumVisualStudioVersion = 10.0.40219.1
Project("{9A19103F-16F7-4668-BE54-9A1E7A4F7556}") = "MyHome", "MyHome.csproj", "{B6F0714A-2D6F-4180-8F60-2B762426FE7B}"
EndProject
Global
	GlobalSection(SolutionConfigurationPlatforms) = preSolution
		Debug|Any CPU = Debug|Any CPU
		Release|Any CPU = Release|Any CPU
	EndGlobalSection
	GlobalSection(ProjectConfigurationPlatforms) = postSolution
		{B6F0714A-2D6F-4180-8F60-2B762426FE7B}.Debug|Any CPU.ActiveCfg = Debug|Any CPU
		{B6F0714A-2D6F-4180-8F60-2B762426FE7B}.Debug|Any CPU.Build.0 = Debug|Any CPU
		{B6F0714A-2D6F-4180-8F60-2B762426FE7B}.Release|Any CPU.ActiveCfg = Release|Any CPU
		{B6F0714A-2D6F-4180-8F60-2B762426FE7B}.Release|Any CPU.Build.0 = Release|Any CPU
	EndGlobalSection
	GlobalSection(SolutionProperties) = preSolution
		HideSolutionNode = FALSE
	EndGlobalSection
	GlobalSection(ExtensibilityGlobals) = postSolution
		SolutionGuid = {2AC97AC0-558C-4F49-94B4-5010F7F70132}
	EndGlobalSection
EndGlobal
